<?xml version="1.0" encoding="UTF-8" standalone="yes" ?>
<CodeBlocks_project_file>
	<FileVersion major="1" minor="6" />
	<Project>
		<Option title="Src4FDTI" />
		<Option pch_mode="2" />
		<Option compiler="gcc" />
		<Build>
			<Target title="Debug">
				<Option output="bin/Debug/Src4FDTI" prefix_auto="1" extension_auto="1" />
				<Option object_output="obj/Debug/" />
				<Option type="1" />
				<Option compiler="gcc" />
				<Compiler>
					<Add option="-g" />
				</Compiler>
			</Target>
			<Target title="Release">
				<Option output="bin/Release/Src4FDTI" prefix_auto="1" extension_auto="1" />
				<Option object_output="obj/Release/" />
				<Option type="1" />
				<Option compiler="gcc" />
				<Compiler>
					<Add option="-O2" />
				</Compiler>
				<Linker>
					<Add option="-s" />
				</Linker>
			</Target>
		</Build>
		<Compiler>
			<Add option="-Wall" />
		</Compiler>
		<Unit filename="common/CommonSettingArg.cpp" />
		<Unit filename="common/CommonSettingArg.h" />
		<Unit filename="common/CommonSettingRequest.h" />
		<Unit filename="common/EnrollmentMessage.h" />
		<Unit filename="control/Acknowledgment.cpp" />
		<Unit filename="control/Acknowledgment.h" />
		<Unit filename="control/AcknowledgmentEvent.cpp" />
		<Unit filename="control/AcknowledgmentEvent.h" />
		<Unit filename="control/AcknowledgmentListener.h" />
		<Unit filename="control/AlarmMessage.h" />
		<Unit filename="control/Checksum.cpp" />
		<Unit filename="control/Checksum.h" />
		<Unit filename="control/Codec.cpp" />
		<Unit filename="control/Codec.h" />
		<Unit filename="control/Controller.h" />
		<Unit filename="control/CoreAlarmCentralUnitMessage.cpp" />
		<Unit filename="control/CoreAlarmCentralUnitMessage.h" />
		<Unit filename="control/CoreAlarmCommandMessage.cpp" />
		<Unit filename="control/CoreAlarmCommandMessage.h" />
		<Unit filename="control/CoreAlarmCommandPanelMessage.cpp" />
		<Unit filename="control/CoreAlarmCommandPanelMessage.h" />
		<Unit filename="control/CoreAlarmEventMessage.cpp" />
		<Unit filename="control/CoreAlarmEventMessage.h" />
		<Unit filename="control/CoreAlarmLogViewMessage.cpp" />
		<Unit filename="control/CoreAlarmLogViewMessage.h" />
		<Unit filename="control/CoreAlarmMessage.cpp" />
		<Unit filename="control/CoreAlarmMessage.h" />
		<Unit filename="control/CoreAlarmPeripheralDeletionMessage.cpp" />
		<Unit filename="control/CoreAlarmPeripheralDeletionMessage.h" />
		<Unit filename="control/CoreAlarmPeripheralLabelMessage.cpp" />
		<Unit filename="control/CoreAlarmPeripheralLabelMessage.h" />
		<Unit filename="control/CoreAlarmTimeMessage.cpp" />
		<Unit filename="control/CoreAlarmTimeMessage.h" />
		<Unit filename="control/CoreBasicCommandMessage.cpp" />
		<Unit filename="control/CoreBasicCommandMessage.h" />
		<Unit filename="control/CoreCommonSettingRequest.cpp" />
		<Unit filename="control/CoreCommonSettingRequest.h" />
		<Unit filename="control/CoreCompositeMeterReadingMessage.cpp" />
		<Unit filename="control/CoreCompositeMeterReadingMessage.h" />
		<Unit filename="control/CoreController.cpp" />
		<Unit filename="control/CoreController.h" />
		<Unit filename="control/CoreCurrentConsumptionRequest.cpp" />
		<Unit filename="control/CoreCurrentConsumptionRequest.h" />
		<Unit filename="control/CoreCurrentConsumptionResponse.cpp" />
		<Unit filename="control/CoreCurrentConsumptionResponse.h" />
		<Unit filename="control/CoreCurrentTransformerDefinitionMessage.cpp" />
		<Unit filename="control/CoreCurrentTransformerDefinitionMessage.h" />
		<Unit filename="control/CoreDataTransferMessage.cpp" />
		<Unit filename="control/CoreDataTransferMessage.h" />
		<Unit filename="control/CoreDataTransferNotificationMessage.cpp" />
		<Unit filename="control/CoreDataTransferNotificationMessage.h" />
		<Unit filename="control/CoreDetectionMessage.cpp" />
		<Unit filename="control/CoreDetectionMessage.h" />
		<Unit filename="control/CoreDiagnosticOverheatingRequest.cpp" />
		<Unit filename="control/CoreDiagnosticOverheatingRequest.h" />
		<Unit filename="control/CoreDiagnosticOverheatingResponse.cpp" />
		<Unit filename="control/CoreDiagnosticOverheatingResponse.h" />
		<Unit filename="control/CoreDistressMessage.cpp" />
		<Unit filename="control/CoreDistressMessage.h" />
		<Unit filename="control/CoreDomesticMessage.cpp" />
		<Unit filename="control/CoreDomesticMessage.h" />
		<Unit filename="control/CoreEnergyConsumptionRequest.cpp" />
		<Unit filename="control/CoreEnergyConsumptionRequest.h" />
		<Unit filename="control/CoreEnergyConsumptionResponse.cpp" />
		<Unit filename="control/CoreEnergyConsumptionResponse.h" />
		<Unit filename="control/CoreEnrollmentMessage.cpp" />
		<Unit filename="control/CoreEnrollmentMessage.h" />
		<Unit filename="control/CoreFunctioningModeMessage.cpp" />
		<Unit filename="control/CoreFunctioningModeMessage.h" />
		<Unit filename="control/CoreGetOutdoorTemperatureRequest.cpp" />
		<Unit filename="control/CoreGetOutdoorTemperatureRequest.h" />
		<Unit filename="control/CoreGetRoomTemperatureRequest.cpp" />
		<Unit filename="control/CoreGetRoomTemperatureRequest.h" />
		<Unit filename="control/CoreHeatingLevelMessage.cpp" />
		<Unit filename="control/CoreHeatingLevelMessage.h" />
		<Unit filename="control/CoreLightColorResponse.cpp" />
		<Unit filename="control/CoreLightColorResponse.h" />
		<Unit filename="control/CoreLightCommandRequest.cpp" />
		<Unit filename="control/CoreLightCommandRequest.h" />
		<Unit filename="control/CoreLightGetColorRequest.cpp" />
		<Unit filename="control/CoreLightGetColorRequest.h" />
		<Unit filename="control/CoreLightInfoRequest.cpp" />
		<Unit filename="control/CoreLightInfoRequest.h" />
		<Unit filename="control/CoreLightInfoResponse.cpp" />
		<Unit filename="control/CoreLightInfoResponse.h" />
		<Unit filename="control/CoreLightSetColorRequest.cpp" />
		<Unit filename="control/CoreLightSetColorRequest.h" />
		<Unit filename="control/CoreLightSettingRequest.cpp" />
		<Unit filename="control/CoreLightSettingRequest.h" />
		<Unit filename="control/CoreLightStatusRequest.cpp" />
		<Unit filename="control/CoreLightStatusRequest.h" />
		<Unit filename="control/CoreLightStatusResponse.cpp" />
		<Unit filename="control/CoreLightStatusResponse.h" />
		<Unit filename="control/CoreMessage.cpp" />
		<Unit filename="control/CoreMessage.h" />
		<Unit filename="control/CoreMeterReadingMessage.cpp" />
		<Unit filename="control/CoreMeterReadingMessage.h" />
		<Unit filename="control/CoreMpRequest.cpp" />
		<Unit filename="control/CoreMpRequest.h" />
		<Unit filename="control/CoreNetwork.cpp" />
		<Unit filename="control/CoreNetwork.h" />
		<Unit filename="control/CorePowerConsumptionRequest.cpp" />
		<Unit filename="control/CorePowerConsumptionRequest.h" />
		<Unit filename="control/CorePowerConsumptionResponse.cpp" />
		<Unit filename="control/CorePowerConsumptionResponse.h" />
		<Unit filename="control/CoreRequest.cpp" />
		<Unit filename="control/CoreRequest.h" />
		<Unit filename="control/CoreResponse.cpp" />
		<Unit filename="control/CoreResponse.h" />
		<Unit filename="control/CoreRmRequest.cpp" />
		<Unit filename="control/CoreRmRequest.h" />
		<Unit filename="control/CoreRollerShutterCommandRequest.cpp" />
		<Unit filename="control/CoreRollerShutterCommandRequest.h" />
		<Unit filename="control/CoreRollerShutterInfoRequest.cpp" />
		<Unit filename="control/CoreRollerShutterInfoRequest.h" />
		<Unit filename="control/CoreRollerShutterInfoResponse.cpp" />
		<Unit filename="control/CoreRollerShutterInfoResponse.h" />
		<Unit filename="control/CoreRollerShutterSettingRequest.cpp" />
		<Unit filename="control/CoreRollerShutterSettingRequest.h" />
		<Unit filename="control/CoreRollerShutterStatusRequest.cpp" />
		<Unit filename="control/CoreRollerShutterStatusRequest.h" />
		<Unit filename="control/CoreRollerShutterStatusResponse.cpp" />
		<Unit filename="control/CoreRollerShutterStatusResponse.h" />
		<Unit filename="control/CoreScenarioCommandMessage.cpp" />
		<Unit filename="control/CoreScenarioCommandMessage.h" />
		<Unit filename="control/CoreSetOutdoorTemperatureRequest.cpp" />
		<Unit filename="control/CoreSetOutdoorTemperatureRequest.h" />
		<Unit filename="control/CoreSetRoomTemperatureRequest.cpp" />
		<Unit filename="control/CoreSetRoomTemperatureRequest.h" />
		<Unit filename="control/CoreSirenMessage.cpp" />
		<Unit filename="control/CoreSirenMessage.h" />
		<Unit filename="control/CoreTelephoneTransmitterMessage.cpp" />
		<Unit filename="control/CoreTelephoneTransmitterMessage.h" />
		<Unit filename="control/CoreTemperatureInfoRequest.cpp" />
		<Unit filename="control/CoreTemperatureInfoRequest.h" />
		<Unit filename="control/CoreTemperatureInfoResponse.cpp" />
		<Unit filename="control/CoreTemperatureInfoResponse.h" />
		<Unit filename="control/CoreTemperatureMessage.cpp" />
		<Unit filename="control/CoreTemperatureMessage.h" />
		<Unit filename="control/CoreTemperatureResponse.cpp" />
		<Unit filename="control/CoreTemperatureResponse.h" />
		<Unit filename="control/CoreThermicAntiFrostAdjustmentRequest.cpp" />
		<Unit filename="control/CoreThermicAntiFrostAdjustmentRequest.h" />
		<Unit filename="control/CoreThermicDelayTimeResponse.cpp" />
		<Unit filename="control/CoreThermicDelayTimeResponse.h" />
		<Unit filename="control/CoreThermicGetDelayTimeRequest.cpp" />
		<Unit filename="control/CoreThermicGetDelayTimeRequest.h" />
		<Unit filename="control/CoreThermicInfoRequest.cpp" />
		<Unit filename="control/CoreThermicInfoRequest.h" />
		<Unit filename="control/CoreThermicInfoResponse.cpp" />
		<Unit filename="control/CoreThermicInfoResponse.h" />
		<Unit filename="control/CoreThermicRegulationCommandRequest.cpp" />
		<Unit filename="control/CoreThermicRegulationCommandRequest.h" />
		<Unit filename="control/CoreThermicRegulationStatusRequest.cpp" />
		<Unit filename="control/CoreThermicRegulationStatusRequest.h" />
		<Unit filename="control/CoreThermicRegulationStatusResponse.cpp" />
		<Unit filename="control/CoreThermicRegulationStatusResponse.h" />
		<Unit filename="control/CoreThermicSetDelayTimeRequest.cpp" />
		<Unit filename="control/CoreThermicSetDelayTimeRequest.h" />
		<Unit filename="control/CoreThermicSettingRequest.cpp" />
		<Unit filename="control/CoreThermicSettingRequest.h" />
		<Unit filename="control/CoreThermicSystemCommandRequest.cpp" />
		<Unit filename="control/CoreThermicSystemCommandRequest.h" />
		<Unit filename="control/CoreThermicSystemStatusRequest.cpp" />
		<Unit filename="control/CoreThermicSystemStatusRequest.h" />
		<Unit filename="control/CoreThermicSystemStatusResponse.cpp" />
		<Unit filename="control/CoreThermicSystemStatusResponse.h" />
		<Unit filename="control/CoreVariationCommandMessage.cpp" />
		<Unit filename="control/CoreVariationCommandMessage.h" />
		<Unit filename="control/CoreVariationMessage.cpp" />
		<Unit filename="control/CoreVariationMessage.h" />
		<Unit filename="control/DataWay.cpp" />
		<Unit filename="control/DataWay.h" />
		<Unit filename="control/DirectCodec.cpp" />
		<Unit filename="control/DirectCodec.h" />
		<Unit filename="control/DirectController.h" />
		<Unit filename="control/EndTransactionEvent.cpp" />
		<Unit filename="control/EndTransactionEvent.h" />
		<Unit filename="control/EndTransactionListener.h" />
		<Unit filename="control/Factory.cpp" />
		<Unit filename="control/Factory.h" />
		<Unit filename="control/FrameIoEvent.cpp" />
		<Unit filename="control/FrameIoEvent.h" />
		<Unit filename="control/FrameReceivedListener.h" />
		<Unit filename="control/FrameSentListener.h" />
		<Unit filename="control/MeshCodec.cpp" />
		<Unit filename="control/MeshCodec.h" />
		<Unit filename="control/MeshController.h" />
		<Unit filename="control/Message.h" />
		<Unit filename="control/MessagePriority.cpp" />
		<Unit filename="control/MessagePriority.h" />
		<Unit filename="control/MessageReceivedEvent.cpp" />
		<Unit filename="control/MessageReceivedEvent.h" />
		<Unit filename="control/MessageReceivedListener.h" />
		<Unit filename="control/Network.h" />
		<Unit filename="control/NetworkCodec.cpp" />
		<Unit filename="control/NetworkCodec.h" />
		<Unit filename="control/Node.cpp" />
		<Unit filename="control/Node.h" />
		<Unit filename="control/NodeArg.cpp" />
		<Unit filename="control/NodeArg.h" />
		<Unit filename="control/NodeDiscoveredEvent.cpp" />
		<Unit filename="control/NodeDiscoveredEvent.h" />
		<Unit filename="control/NodeDiscoveredListener.h" />
		<Unit filename="control/PrintableHex.cpp" />
		<Unit filename="control/PrintableHex.h" />
		<Unit filename="control/RadioFrequency.cpp" />
		<Unit filename="control/RadioFrequency.h" />
		<Unit filename="control/Request.h" />
		<Unit filename="control/Response.h" />
		<Unit filename="control/ResponseStatus.cpp" />
		<Unit filename="control/ResponseStatus.h" />
		<Unit filename="control/Statistic.cpp" />
		<Unit filename="control/Statistic.h" />
		<Unit filename="diagnostic/DiagnosticOverheatingRequest.h" />
		<Unit filename="diagnostic/DiagnosticOverheatingResponse.h" />
		<Unit filename="hvac/FunctioningModeMessage.h" />
		<Unit filename="hvac/HeatingLevelMessage.h" />
		<Unit filename="hvac/HeatingMode.cpp" />
		<Unit filename="hvac/HeatingMode.h" />
		<Unit filename="hvac/HeatingSetting.cpp" />
		<Unit filename="hvac/HeatingSetting.h" />
		<Unit filename="hvac/ThermicActuatorType.cpp" />
		<Unit filename="hvac/ThermicActuatorType.h" />
		<Unit filename="hvac/ThermicAntiFrostAdjustmentArg.cpp" />
		<Unit filename="hvac/ThermicAntiFrostAdjustmentArg.h" />
		<Unit filename="hvac/ThermicAntiFrostAdjustmentRequest.h" />
		<Unit filename="hvac/ThermicDelayTime.cpp" />
		<Unit filename="hvac/ThermicDelayTime.h" />
		<Unit filename="hvac/ThermicDelayTimeArg.cpp" />
		<Unit filename="hvac/ThermicDelayTimeArg.h" />
		<Unit filename="hvac/ThermicDelayTimeResponse.h" />
		<Unit filename="hvac/ThermicFanMode.cpp" />
		<Unit filename="hvac/ThermicFanMode.h" />
		<Unit filename="hvac/ThermicFanSpeed.cpp" />
		<Unit filename="hvac/ThermicFanSpeed.h" />
		<Unit filename="hvac/ThermicGetDelayTimeRequest.h" />
		<Unit filename="hvac/ThermicHeatLevel.cpp" />
		<Unit filename="hvac/ThermicHeatLevel.h" />
		<Unit filename="hvac/ThermicInfoRequest.h" />
		<Unit filename="hvac/ThermicInfoResponse.h" />
		<Unit filename="hvac/ThermicPipeworkSupply.cpp" />
		<Unit filename="hvac/ThermicPipeworkSupply.h" />
		<Unit filename="hvac/ThermicRegulationCommandArg.cpp" />
		<Unit filename="hvac/ThermicRegulationCommandArg.h" />
		<Unit filename="hvac/ThermicRegulationCommandRequest.h" />
		<Unit filename="hvac/ThermicRegulationMode.cpp" />
		<Unit filename="hvac/ThermicRegulationMode.h" />
		<Unit filename="hvac/ThermicRegulationStatusRequest.h" />
		<Unit filename="hvac/ThermicRegulationStatusResponse.h" />
		<Unit filename="hvac/ThermicReheatingMode.cpp" />
		<Unit filename="hvac/ThermicReheatingMode.h" />
		<Unit filename="hvac/ThermicSetDelayTimeRequest.h" />
		<Unit filename="hvac/ThermicSettingArg.cpp" />
		<Unit filename="hvac/ThermicSettingArg.h" />
		<Unit filename="hvac/ThermicSettingRequest.h" />
		<Unit filename="hvac/ThermicSystemCommandArg.cpp" />
		<Unit filename="hvac/ThermicSystemCommandArg.h" />
		<Unit filename="hvac/ThermicSystemCommandRequest.h" />
		<Unit filename="hvac/ThermicSystemMode.cpp" />
		<Unit filename="hvac/ThermicSystemMode.h" />
		<Unit filename="hvac/ThermicSystemOutput.cpp" />
		<Unit filename="hvac/ThermicSystemOutput.h" />
		<Unit filename="hvac/ThermicSystemStatusRequest.h" />
		<Unit filename="hvac/ThermicSystemStatusResponse.h" />
		<Unit filename="light/LightActuatorType.cpp" />
		<Unit filename="light/LightActuatorType.h" />
		<Unit filename="light/LightColorArg.cpp" />
		<Unit filename="light/LightColorArg.h" />
		<Unit filename="light/LightColorResponse.h" />
		<Unit filename="light/LightCommandArg.cpp" />
		<Unit filename="light/LightCommandArg.h" />
		<Unit filename="light/LightCommandRequest.h" />
		<Unit filename="light/LightGetColorRequest.h" />
		<Unit filename="light/LightInfoRequest.h" />
		<Unit filename="light/LightInfoResponse.h" />
		<Unit filename="light/LightSetColorRequest.h" />
		<Unit filename="light/LightSettingArg.cpp" />
		<Unit filename="light/LightSettingArg.h" />
		<Unit filename="light/LightSettingRequest.h" />
		<Unit filename="light/LightStatusRequest.h" />
		<Unit filename="light/LightStatusResponse.h" />
		<Unit filename="metering/CompositeMeterReadingMessage.h" />
		<Unit filename="metering/CompositeRegisterSelection.cpp" />
		<Unit filename="metering/CompositeRegisterSelection.h" />
		<Unit filename="metering/CurrentConsumptionRequest.h" />
		<Unit filename="metering/CurrentConsumptionResponse.h" />
		<Unit filename="metering/CurrentTransformerDefinitionMessage.h" />
		<Unit filename="metering/ElectricityTariff.cpp" />
		<Unit filename="metering/ElectricityTariff.h" />
		<Unit filename="metering/ElectricityTariffOption.cpp" />
		<Unit filename="metering/ElectricityTariffOption.h" />
		<Unit filename="metering/EnergyConsumptionRequest.h" />
		<Unit filename="metering/EnergyConsumptionResponse.h" />
		<Unit filename="metering/MeterReadingMessage.h" />
		<Unit filename="metering/PowerConsumptionRequest.h" />
		<Unit filename="metering/PowerConsumptionResponse.h" />
		<Unit filename="metering/RegisterSelection.cpp" />
		<Unit filename="metering/RegisterSelection.h" />
		<Unit filename="metering/RegisterUnit.cpp" />
		<Unit filename="metering/RegisterUnit.h" />
		<Unit filename="remote/BasicCommand.cpp" />
		<Unit filename="remote/BasicCommand.h" />
		<Unit filename="remote/BasicCommandMessage.h" />
		<Unit filename="remote/ScenarioCommandMessage.h" />
		<Unit filename="remote/VariationCommand.cpp" />
		<Unit filename="remote/VariationCommand.h" />
		<Unit filename="remote/VariationCommandMessage.h" />
		<Unit filename="remote/VariationMessage.h" />
		<Unit filename="requirement.cpp" />
		<Unit filename="requirement.h" />
		<Unit filename="rollershutter/RollerShutterActuatorType.cpp" />
		<Unit filename="rollershutter/RollerShutterActuatorType.h" />
		<Unit filename="rollershutter/RollerShutterCommandArg.cpp" />
		<Unit filename="rollershutter/RollerShutterCommandArg.h" />
		<Unit filename="rollershutter/RollerShutterCommandRequest.h" />
		<Unit filename="rollershutter/RollerShutterInfoRequest.h" />
		<Unit filename="rollershutter/RollerShutterInfoResponse.h" />
		<Unit filename="rollershutter/RollerShutterSettingArg.cpp" />
		<Unit filename="rollershutter/RollerShutterSettingArg.h" />
		<Unit filename="rollershutter/RollerShutterSettingRequest.h" />
		<Unit filename="rollershutter/RollerShutterStatusRequest.h" />
		<Unit filename="rollershutter/RollerShutterStatusResponse.h" />
		<Unit filename="samples/sample.cpp" />
		<Unit filename="security/AlarmCentralUnitMessage.h" />
		<Unit filename="security/AlarmCentralUnitType.cpp" />
		<Unit filename="security/AlarmCentralUnitType.h" />
		<Unit filename="security/AlarmCommand.cpp" />
		<Unit filename="security/AlarmCommand.h" />
		<Unit filename="security/AlarmCommandMessage.h" />
		<Unit filename="security/AlarmCommandPanelMessage.h" />
		<Unit filename="security/AlarmEvent.cpp" />
		<Unit filename="security/AlarmEvent.h" />
		<Unit filename="security/AlarmEventMessage.h" />
		<Unit filename="security/AlarmFunctioningMode.cpp" />
		<Unit filename="security/AlarmFunctioningMode.h" />
		<Unit filename="security/AlarmLogType.cpp" />
		<Unit filename="security/AlarmLogType.h" />
		<Unit filename="security/AlarmLogViewMessage.h" />
		<Unit filename="security/AlarmPeripheralDeletionMessage.h" />
		<Unit filename="security/AlarmPeripheralLabelMessage.h" />
		<Unit filename="security/AlarmProductLabel.cpp" />
		<Unit filename="security/AlarmProductLabel.h" />
		<Unit filename="security/AlarmProductType.cpp" />
		<Unit filename="security/AlarmProductType.h" />
		<Unit filename="security/AlarmStatus.cpp" />
		<Unit filename="security/AlarmStatus.h" />
		<Unit filename="security/AlarmTimeMessage.h" />
		<Unit filename="security/DataTransferMessage.h" />
		<Unit filename="security/DataTransferNotificationMessage.h" />
		<Unit filename="security/DistressMessage.h" />
		<Unit filename="security/SirenMessage.h" />
		<Unit filename="security/TelephoneTransmitterMessage.h" />
		<Unit filename="security/TelephoneTransmitterStatus.cpp" />
		<Unit filename="security/TelephoneTransmitterStatus.h" />
		<Unit filename="sensor/DetectionMessage.h" />
		<Unit filename="sensor/DetectorType.cpp" />
		<Unit filename="sensor/DetectorType.h" />
		<Unit filename="sensor/GetOutdoorTemperatureRequest.h" />
		<Unit filename="sensor/GetRoomTemperatureRequest.h" />
		<Unit filename="sensor/SetOutdoorTemperatureRequest.h" />
		<Unit filename="sensor/SetRoomTemperatureRequest.h" />
		<Unit filename="sensor/Temperature.cpp" />
		<Unit filename="sensor/Temperature.h" />
		<Unit filename="sensor/TemperatureArg.cpp" />
		<Unit filename="sensor/TemperatureArg.h" />
		<Unit filename="sensor/TemperatureInfoRequest.h" />
		<Unit filename="sensor/TemperatureInfoResponse.h" />
		<Unit filename="sensor/TemperatureMessage.h" />
		<Unit filename="sensor/TemperatureResponse.h" />
		<Unit filename="sensor/TemperatureType.cpp" />
		<Unit filename="sensor/TemperatureType.h" />
		<Extensions>
			<code_completion />
			<debugger />
		</Extensions>
	</Project>
</CodeBlocks_project_file>
